
Microsoft Visual Studio Solution File, Format Version 12.00
# Visual Studio Version 16
VisualStudioVersion = 16.0.30907.101
MinimumVisualStudioVersion = 10.0.40219.1
Project("{FAE04EC0-301F-11D3-BF4B-00C04F79EFBC}") = "ConsoleApp1", "ConsoleApp1.csproj", "{7BD66BF2-1891-4F41-9446-05A5AA46375E}"
EndProject
Project("{2150E333-8FDC-42A3-9474-1A3956D46DE8}") = "Solution Items", "Solution Items", "{9289BB02-861D-4E2B-BE2E-65B3ECC5ADBA}"
	ProjectSection(SolutionItems) = preProject
		.editorconfig = .editorconfig
	EndProjectSection
EndProject
Global
	GlobalSection(SolutionConfigurationPlatforms) = preSolution
		Debug|Any CPU = Debug|Any CPU
		Release|Any CPU = Release|Any CPU
	EndGlobalSection
	GlobalSection(ProjectConfigurationPlatforms) = postSolution
		{7BD66BF2-1891-4F41-9446-05A5AA46375E}.Debug|Any CPU.ActiveCfg = Debug|Any CPU
		{7BD66BF2-1891-4F41-9446-05A5AA46375E}.Debug|Any CPU.Build.0 = Debug|Any CPU
		{7BD66BF2-1891-4F41-9446-05A5AA46375E}.Release|Any CPU.ActiveCfg = Release|Any CPU
		{7BD66BF2-1891-4F41-9446-05A5AA46375E}.Release|Any CPU.Build.0 = Release|Any CPU
	EndGlobalSection
	GlobalSection(SolutionProperties) = preSolution
		HideSolutionNode = FALSE
	EndGlobalSection
	GlobalSection(ExtensibilityGlobals) = postSolution
		SolutionGuid = {55F84A53-DB54-4A30-A9C0-B5DE3F1519DA}
	EndGlobalSection
EndGlobal
